{
    "_readme": [
        "This file locks the dependencies of your project to a known state",
        "Read more about it at https://getcomposer.org/doc/01-basic-usage.md#installing-dependencies",
        "This file is @generated automatically"
    ],
    "content-hash": "836f18f99557b008e12a9404cb5cbfff",
    "packages": [
        {
            "name": "composer/installers",
            "version": "v2.2.0",
            "source": {
                "type": "git",
                "url": "https://github.com/composer/installers.git",
                "reference": "c29dc4b93137acb82734f672c37e029dfbd95b35"
            },
            "dist": {
                "type": "zip",
                "url": "https://api.github.com/repos/composer/installers/zipball/c29dc4b93137acb82734f672c37e029dfbd95b35",
                "reference": "c29dc4b93137acb82734f672c37e029dfbd95b35",
                "shasum": ""
            },
            "require": {
                "composer-plugin-api": "^1.0 || ^2.0",
                "php": "^7.2 || ^8.0"
            },
            "require-dev": {
                "composer/composer": "1.6.* || ^2.0",
                "composer/semver": "^1 || ^3",
                "phpstan/phpstan": "^0.12.55",
                "phpstan/phpstan-phpunit": "^0.12.16",
                "symfony/phpunit-bridge": "^5.3",
                "symfony/process": "^5"
            },
            "type": "composer-plugin",
            "extra": {
                "class": "Composer\\Installers\\Plugin",
                "branch-alias": {
                    "dev-main": "2.x-dev"
                },
                "plugin-modifies-install-path": true
            },
            "autoload": {
                "psr-4": {
                    "Composer\\Installers\\": "src/Composer/Installers"
                }
            },
            "notification-url": "https://packagist.org/downloads/",
            "license": [
                "MIT"
            ],
            "authors": [
                {
                    "name": "Kyle Robinson Young",
                    "email": "kyle@dontkry.com",
                    "homepage": "https://github.com/shama"
                }
            ],
            "description": "A multi-framework Composer library installer",
            "homepage": "https://composer.github.io/installers/",
            "keywords": [
                "Dolibarr",
                "Eliasis",
                "Hurad",
                "ImageCMS",
                "Kanboard",
                "Lan Management System",
                "MODX Evo",
                "MantisBT",
                "Mautic",
                "Maya",
                "OXID",
                "Plentymarkets",
                "Porto",
                "RadPHP",
                "SMF",
                "Starbug",
                "Thelia",
                "Whmcs",
                "WolfCMS",
                "agl",
                "annotatecms",
                "attogram",
                "bitrix",
                "cakephp",
                "chef",
                "cockpit",
                "codeigniter",
                "concrete5",
                "croogo",
                "dokuwiki",
                "drupal",
                "eZ Platform",
                "elgg",
                "expressionengine",
                "fuelphp",
                "grav",
                "installer",
                "itop",
                "known",
                "kohana",
                "laravel",
                "lavalite",
                "lithium",
                "magento",
                "majima",
                "mako",
                "matomo",
                "mediawiki",
                "miaoxing",
                "modulework",
                "modx",
                "moodle",
                "osclass",
                "pantheon",
                "phpbb",
                "piwik",
                "ppi",
                "processwire",
                "puppet",
                "pxcms",
                "reindex",
                "roundcube",
                "shopware",
                "silverstripe",
                "sydes",
                "sylius",
                "tastyigniter",
                "wordpress",
                "yawik",
                "zend",
                "zikula"
            ],
            "support": {
                "issues": "https://github.com/composer/installers/issues",
                "source": "https://github.com/composer/installers/tree/v2.2.0"
            },
            "funding": [
                {
                    "url": "https://packagist.com",
                    "type": "custom"
                },
                {
                    "url": "https://github.com/composer",
                    "type": "github"
                },
                {
                    "url": "https://tidelift.com/funding/github/packagist/composer/composer",
                    "type": "tidelift"
                }
            ],
            "time": "2022-08-20T06:45:11+00:00"
        },
        {
            "name": "gregrickaby/advanced-custom-fields-pro",
            "version": "6.1.8",
            "dist": {
                "type": "zip",
                "url": "https://packages.gregrickaby.com/satispress/advanced-custom-fields-pro/6.1.8",
                "shasum": "ca35c705f40fc974090072c7ca4cdc43bc43cbcb"
            },
            "require": {
                "composer/installers": "^1.0 || ^2.0"
            },
            "type": "wordpress-plugin",
            "authors": {
                "name": "WP Engine",
                "homepage": "https://wpengine.com/?utm_source=wordpress.org&#038;utm_medium=referral&#038;utm_campaign=plugin_directory&#038;utm_content=advanced_custom_fields"
            },
            "description": "Customize WordPress with powerful, professional and intuitive fields.",
            "homepage": "https://www.advancedcustomfields.com"
        },
        {
            "name": "gregrickaby/aioseo-redirects",
            "version": "1.2.12",
            "dist": {
                "type": "zip",
                "url": "https://packages.gregrickaby.com/satispress/aioseo-redirects/1.2.12",
                "shasum": "bcf69bede3698586fe6066cdf19f59d5600ed154"
            },
            "require": {
                "composer/installers": "^1.0 || ^2.0"
            },
            "type": "wordpress-plugin",
            "authors": {
                "name": "All in One SEO Team",
                "homepage": "https://aioseo.com"
            },
            "description": "Adds a redirection manager to AIOSEO.",
            "homepage": "https://aioseo.com"
        },
        {
            "name": "gregrickaby/all-in-one-seo-pack-pro",
            "version": "4.4.3",
            "dist": {
                "type": "zip",
                "url": "https://packages.gregrickaby.com/satispress/all-in-one-seo-pack-pro/4.4.3",
                "shasum": "98314529ca5bee66f9ba0aa8a3a443390c6c1ccc"
            },
            "require": {
                "composer/installers": "^1.0 || ^2.0"
            },
            "type": "wordpress-plugin",
            "authors": {
                "name": "All in One SEO Team",
                "homepage": "https://aioseo.com/"
            },
            "description": "SEO for WordPress. Features like XML Sitemaps, SEO for custom post types, SEO for blogs, business sites, ecommerce sites, and much more. More than 100 million downloads since 2007.",
            "homepage": "https://aioseo.com/"
        },
        {
            "name": "gregrickaby/wp-migrate-db-pro",
            "version": "2.6.9",
            "dist": {
                "type": "zip",
                "url": "https://packages.gregrickaby.com/satispress/wp-migrate-db-pro/2.6.9",
                "shasum": "af00dca9e4d95d78f6d2285ec47081cd44d247dc"
            },
            "require": {
                "composer/installers": "^1.0 || ^2.0"
            },
            "type": "wordpress-plugin",
            "authors": {
                "name": "WP Engine",
                "homepage": "https://deliciousbrains.com"
            },
            "description": "Migrate between any two environments. Push, pull, and export full sites. Find and replace content including serialized data. Import and back up the database.",
            "homepage": "https://deliciousbrains.com/wp-migrate-db-pro/"
        },
        {
            "name": "gregrickaby/wpforms",
            "version": "1.8.3",
            "dist": {
                "type": "zip",
                "url": "https://packages.gregrickaby.com/satispress/wpforms/1.8.3",
                "shasum": "0b47504f69a3db6d9053980b15510187e970f510"
            },
            "require": {
                "composer/installers": "^1.0 || ^2.0"
            },
            "type": "wordpress-plugin",
            "authors": {
                "name": "WPForms",
                "homepage": "https://wpforms.com"
            },
            "description": "Beginner friendly WordPress contact form plugin. Use our Drag & Drop form builder to create your WordPress forms.",
            "homepage": "https://wpforms.com"
        },
        {
            "name": "wpackagist-plugin/akismet",
            "version": "5.2",
            "source": {
                "type": "svn",
                "url": "https://plugins.svn.wordpress.org/akismet/",
                "reference": "tags/5.2"
            },
            "dist": {
                "type": "zip",
                "url": "https://downloads.wordpress.org/plugin/akismet.5.2.zip"
            },
            "require": {
                "composer/installers": "^1.0 || ^2.0"
            },
            "type": "wordpress-plugin",
            "homepage": "https://wordpress.org/plugins/akismet/"
        },
        {
            "name": "wpackagist-plugin/limit-login-attempts",
            "version": "1.7.2",
            "source": {
                "type": "svn",
                "url": "https://plugins.svn.wordpress.org/limit-login-attempts/",
                "reference": "tags/1.7.2"
            },
            "dist": {
                "type": "zip",
                "url": "https://downloads.wordpress.org/plugin/limit-login-attempts.1.7.2.zip"
            },
            "require": {
                "composer/installers": "^1.0 || ^2.0"
            },
            "type": "wordpress-plugin",
            "homepage": "https://wordpress.org/plugins/limit-login-attempts/"
        },
        {
            "name": "wpackagist-plugin/media-library-assistant",
            "version": "3.09",
            "source": {
                "type": "svn",
                "url": "https://plugins.svn.wordpress.org/media-library-assistant/",
                "reference": "tags/3.09"
            },
            "dist": {
                "type": "zip",
                "url": "https://downloads.wordpress.org/plugin/media-library-assistant.3.09.zip"
            },
            "require": {
                "composer/installers": "^1.0 || ^2.0"
            },
            "type": "wordpress-plugin",
            "homepage": "https://wordpress.org/plugins/media-library-assistant/"
        },
        {
            "name": "wpackagist-plugin/performance-lab",
            "version": "2.5.0",
            "source": {
                "type": "svn",
                "url": "https://plugins.svn.wordpress.org/performance-lab/",
                "reference": "tags/2.5.0"
            },
            "dist": {
                "type": "zip",
                "url": "https://downloads.wordpress.org/plugin/performance-lab.2.5.0.zip"
            },
            "require": {
                "composer/installers": "^1.0 || ^2.0"
            },
            "type": "wordpress-plugin",
            "homepage": "https://wordpress.org/plugins/performance-lab/"
        },
        {
            "name": "wpackagist-plugin/real-media-library-lite",
            "version": "4.21.6",
            "source": {
                "type": "svn",
                "url": "https://plugins.svn.wordpress.org/real-media-library-lite/",
                "reference": "tags/4.21.6"
            },
            "dist": {
                "type": "zip",
                "url": "https://downloads.wordpress.org/plugin/real-media-library-lite.4.21.6.zip"
            },
            "require": {
                "composer/installers": "^1.0 || ^2.0"
            },
            "type": "wordpress-plugin",
            "homepage": "https://wordpress.org/plugins/real-media-library-lite/"
        },
        {
            "name": "wpackagist-theme/seedlet",
            "version": "1.1.13",
            "source": {
                "type": "svn",
                "url": "https://themes.svn.wordpress.org/seedlet/",
                "reference": "1.1.13"
            },
            "dist": {
                "type": "zip",
                "url": "https://downloads.wordpress.org/theme/seedlet.1.1.13.zip"
            },
            "require": {
                "composer/installers": "^1.0 || ^2.0"
            },
            "type": "wordpress-theme",
            "homepage": "https://wordpress.org/themes/seedlet/"
        }
    ],
    "packages-dev": [
        {
            "name": "wpackagist-plugin/query-monitor",
            "version": "3.13.1",
            "source": {
                "type": "svn",
                "url": "https://plugins.svn.wordpress.org/query-monitor/",
                "reference": "tags/3.13.1"
            },
            "dist": {
                "type": "zip",
                "url": "https://downloads.wordpress.org/plugin/query-monitor.3.13.1.zip"
            },
            "require": {
                "composer/installers": "^1.0 || ^2.0"
            },
            "type": "wordpress-plugin",
            "homepage": "https://wordpress.org/plugins/query-monitor/"
        }
    ],
    "aliases": [],
    "minimum-stability": "stable",
    "stability-flags": [],
    "prefer-stable": false,
    "prefer-lowest": false,
    "platform": [],
    "platform-dev": [],
    "platform-overrides": {
        "php": "8.1"
    },
    "plugin-api-version": "2.3.0"
}
