{
    "_readme": [
        "This file locks the dependencies of your project to a known state",
        "Read more about it at https://getcomposer.org/doc/01-basic-usage.md#installing-dependencies",
        "This file is @generated automatically"
    ],
    "content-hash": "2b9a7ade9c78c5f3eb5534d2ccbe8962",
    "packages": [
        {
            "name": "composer/installers",
            "version": "v2.2.0",
            "source": {
                "type": "git",
                "url": "https://github.com/composer/installers.git",
                "reference": "c29dc4b93137acb82734f672c37e029dfbd95b35"
            },
            "dist": {
                "type": "zip",
                "url": "https://api.github.com/repos/composer/installers/zipball/c29dc4b93137acb82734f672c37e029dfbd95b35",
                "reference": "c29dc4b93137acb82734f672c37e029dfbd95b35",
                "shasum": ""
            },
            "require": {
                "composer-plugin-api": "^1.0 || ^2.0",
                "php": "^7.2 || ^8.0"
            },
            "require-dev": {
                "composer/composer": "1.6.* || ^2.0",
                "composer/semver": "^1 || ^3",
                "phpstan/phpstan": "^0.12.55",
                "phpstan/phpstan-phpunit": "^0.12.16",
                "symfony/phpunit-bridge": "^5.3",
                "symfony/process": "^5"
            },
            "type": "composer-plugin",
            "extra": {
                "class": "Composer\\Installers\\Plugin",
                "branch-alias": {
                    "dev-main": "2.x-dev"
                },
                "plugin-modifies-install-path": true
            },
            "autoload": {
                "psr-4": {
                    "Composer\\Installers\\": "src/Composer/Installers"
                }
            },
            "notification-url": "https://packagist.org/downloads/",
            "license": [
                "MIT"
            ],
            "authors": [
                {
                    "name": "Kyle Robinson Young",
                    "email": "kyle@dontkry.com",
                    "homepage": "https://github.com/shama"
                }
            ],
            "description": "A multi-framework Composer library installer",
            "homepage": "https://composer.github.io/installers/",
            "keywords": [
                "Dolibarr",
                "Eliasis",
                "Hurad",
                "ImageCMS",
                "Kanboard",
                "Lan Management System",
                "MODX Evo",
                "MantisBT",
                "Mautic",
                "Maya",
                "OXID",
                "Plentymarkets",
                "Porto",
                "RadPHP",
                "SMF",
                "Starbug",
                "Thelia",
                "Whmcs",
                "WolfCMS",
                "agl",
                "annotatecms",
                "attogram",
                "bitrix",
                "cakephp",
                "chef",
                "cockpit",
                "codeigniter",
                "concrete5",
                "croogo",
                "dokuwiki",
                "drupal",
                "eZ Platform",
                "elgg",
                "expressionengine",
                "fuelphp",
                "grav",
                "installer",
                "itop",
                "known",
                "kohana",
                "laravel",
                "lavalite",
                "lithium",
                "magento",
                "majima",
                "mako",
                "matomo",
                "mediawiki",
                "miaoxing",
                "modulework",
                "modx",
                "moodle",
                "osclass",
                "pantheon",
                "phpbb",
                "piwik",
                "ppi",
                "processwire",
                "puppet",
                "pxcms",
                "reindex",
                "roundcube",
                "shopware",
                "silverstripe",
                "sydes",
                "sylius",
                "tastyigniter",
                "wordpress",
                "yawik",
                "zend",
                "zikula"
            ],
            "support": {
                "issues": "https://github.com/composer/installers/issues",
                "source": "https://github.com/composer/installers/tree/v2.2.0"
            },
            "funding": [
                {
                    "url": "https://packagist.com",
                    "type": "custom"
                },
                {
                    "url": "https://github.com/composer",
                    "type": "github"
                },
                {
                    "url": "https://tidelift.com/funding/github/packagist/composer/composer",
                    "type": "tidelift"
                }
            ],
            "time": "2022-08-20T06:45:11+00:00"
        },
        {
            "name": "wiregrasswebsites/advanced-custom-fields-pro",
            "version": "6.1.3",
            "dist": {
                "type": "zip",
                "url": "https://packagist.wiregrasswebsites.com/satispress/advanced-custom-fields-pro/6.1.3",
                "shasum": "d51ffe07f4d8d47d2030bf0959d4e6dbed6e7bc1"
            },
            "require": {
                "composer/installers": "^1.0 || ^2.0"
            },
            "type": "wordpress-plugin",
            "authors": {
                "name": "WP Engine",
                "homepage": "https://wpengine.com/?utm_source=wordpress.org&#038;utm_medium=referral&#038;utm_campaign=plugin_directory&#038;utm_content=advanced_custom_fields"
            },
            "description": "Customize WordPress with powerful, professional and intuitive fields.",
            "homepage": "https://www.advancedcustomfields.com"
        },
        {
            "name": "wiregrasswebsites/wp-migrate-db-pro",
            "version": "2.6.4",
            "dist": {
                "type": "zip",
                "url": "https://packagist.wiregrasswebsites.com/satispress/wp-migrate-db-pro/2.6.4",
                "shasum": "5d73925c309483c419a618ac59d56346b4ada743"
            },
            "require": {
                "composer/installers": "^1.0 || ^2.0"
            },
            "type": "wordpress-plugin",
            "authors": {
                "name": "WP Engine",
                "homepage": "https://deliciousbrains.com"
            },
            "description": "Migrate between any two environments. Push, pull, and export full sites. Find and replace content including serialized data. Import and back up the database.",
            "homepage": "https://deliciousbrains.com/wp-migrate-db-pro/"
        },
        {
            "name": "wpackagist-plugin/akismet",
            "version": "5.1",
            "source": {
                "type": "svn",
                "url": "https://plugins.svn.wordpress.org/akismet/",
                "reference": "tags/5.1"
            },
            "dist": {
                "type": "zip",
                "url": "https://downloads.wordpress.org/plugin/akismet.5.1.zip"
            },
            "require": {
                "composer/installers": "^1.0 || ^2.0"
            },
            "type": "wordpress-plugin",
            "homepage": "https://wordpress.org/plugins/akismet/"
        },
        {
            "name": "wpackagist-plugin/all-in-one-seo-pack",
            "version": "4.3.4.1",
            "source": {
                "type": "svn",
                "url": "https://plugins.svn.wordpress.org/all-in-one-seo-pack/",
                "reference": "tags/4.3.4.1"
            },
            "dist": {
                "type": "zip",
                "url": "https://downloads.wordpress.org/plugin/all-in-one-seo-pack.4.3.4.1.zip"
            },
            "require": {
                "composer/installers": "^1.0 || ^2.0"
            },
            "type": "wordpress-plugin",
            "homepage": "https://wordpress.org/plugins/all-in-one-seo-pack/"
        },
        {
            "name": "wpackagist-plugin/limit-login-attempts",
            "version": "1.7.2",
            "source": {
                "type": "svn",
                "url": "https://plugins.svn.wordpress.org/limit-login-attempts/",
                "reference": "tags/1.7.2"
            },
            "dist": {
                "type": "zip",
                "url": "https://downloads.wordpress.org/plugin/limit-login-attempts.1.7.2.zip"
            },
            "require": {
                "composer/installers": "^1.0 || ^2.0"
            },
            "type": "wordpress-plugin",
            "homepage": "https://wordpress.org/plugins/limit-login-attempts/"
        },
        {
            "name": "wpackagist-plugin/media-library-assistant",
            "version": "3.07",
            "source": {
                "type": "svn",
                "url": "https://plugins.svn.wordpress.org/media-library-assistant/",
                "reference": "tags/3.07"
            },
            "dist": {
                "type": "zip",
                "url": "https://downloads.wordpress.org/plugin/media-library-assistant.3.07.zip"
            },
            "require": {
                "composer/installers": "^1.0 || ^2.0"
            },
            "type": "wordpress-plugin",
            "homepage": "https://wordpress.org/plugins/media-library-assistant/"
        },
        {
            "name": "wpackagist-plugin/performance-lab",
            "version": "2.1.0",
            "source": {
                "type": "svn",
                "url": "https://plugins.svn.wordpress.org/performance-lab/",
                "reference": "tags/2.1.0"
            },
            "dist": {
                "type": "zip",
                "url": "https://downloads.wordpress.org/plugin/performance-lab.2.1.0.zip"
            },
            "require": {
                "composer/installers": "^1.0 || ^2.0"
            },
            "type": "wordpress-plugin",
            "homepage": "https://wordpress.org/plugins/performance-lab/"
        },
        {
            "name": "wpackagist-plugin/real-media-library-lite",
            "version": "4.18.36",
            "source": {
                "type": "svn",
                "url": "https://plugins.svn.wordpress.org/real-media-library-lite/",
                "reference": "tags/4.18.36"
            },
            "dist": {
                "type": "zip",
                "url": "https://downloads.wordpress.org/plugin/real-media-library-lite.4.18.36.zip"
            },
            "require": {
                "composer/installers": "^1.0 || ^2.0"
            },
            "type": "wordpress-plugin",
            "homepage": "https://wordpress.org/plugins/real-media-library-lite/"
        },
        {
            "name": "wpackagist-plugin/wp-super-cache",
            "version": "1.9.4",
            "source": {
                "type": "svn",
                "url": "https://plugins.svn.wordpress.org/wp-super-cache/",
                "reference": "tags/1.9.4"
            },
            "dist": {
                "type": "zip",
                "url": "https://downloads.wordpress.org/plugin/wp-super-cache.1.9.4.zip"
            },
            "require": {
                "composer/installers": "^1.0 || ^2.0"
            },
            "type": "wordpress-plugin",
            "homepage": "https://wordpress.org/plugins/wp-super-cache/"
        },
        {
            "name": "wpackagist-theme/seedlet",
            "version": "1.1.13",
            "source": {
                "type": "svn",
                "url": "https://themes.svn.wordpress.org/seedlet/",
                "reference": "1.1.13"
            },
            "dist": {
                "type": "zip",
                "url": "https://downloads.wordpress.org/theme/seedlet.1.1.13.zip"
            },
            "require": {
                "composer/installers": "^1.0 || ^2.0"
            },
            "type": "wordpress-theme",
            "homepage": "https://wordpress.org/themes/seedlet/"
        }
    ],
    "packages-dev": [
        {
            "name": "wpackagist-plugin/query-monitor",
            "version": "3.12.1",
            "source": {
                "type": "svn",
                "url": "https://plugins.svn.wordpress.org/query-monitor/",
                "reference": "tags/3.12.1"
            },
            "dist": {
                "type": "zip",
                "url": "https://downloads.wordpress.org/plugin/query-monitor.3.12.1.zip"
            },
            "require": {
                "composer/installers": "^1.0 || ^2.0"
            },
            "type": "wordpress-plugin",
            "homepage": "https://wordpress.org/plugins/query-monitor/"
        }
    ],
    "aliases": [],
    "minimum-stability": "stable",
    "stability-flags": [],
    "prefer-stable": false,
    "prefer-lowest": false,
    "platform": [],
    "platform-dev": [],
    "platform-overrides": {
        "php": "8.0"
    },
    "plugin-api-version": "2.3.0"
}
