{
    "_readme": [
        "This file locks the dependencies of your project to a known state",
        "Read more about it at https://getcomposer.org/doc/01-basic-usage.md#installing-dependencies",
        "This file is @generated automatically"
    ],
    "content-hash": "0f9599ee3dba0733700b8a6625ede0b9",
    "packages": [
        {
            "name": "americaneagle/advanced-custom-fields-pro",
            "version": "6.0.7",
            "dist": {
                "type": "zip",
                "url": "https://aepackagist.wpengine.com/satispress/advanced-custom-fields-pro/6.0.7",
                "shasum": "2eab20bf6a472225be40c0b7bfbb10f7aa870a38"
            },
            "require": {
                "composer/installers": "^1.0"
            },
            "type": "wordpress-plugin",
            "authors": {
                "name": "WP Engine",
                "homepage": "https://wpengine.com/?utm_source=wordpress.org&#038;utm_medium=referral&#038;utm_campaign=plugin_directory&#038;utm_content=advanced_custom_fields"
            },
            "description": "Customize WordPress with powerful, professional and intuitive fields.",
            "homepage": "https://www.advancedcustomfields.com"
        },
        {
            "name": "americaneagle/wordpress-seo-premium",
            "version": "18.4",
            "dist": {
                "type": "zip",
                "url": "https://aepackagist.wpengine.com/satispress/wordpress-seo-premium/18.4",
                "shasum": "e2ab81a16386be2a42617661e33b02a84059a396"
            },
            "require": {
                "composer/installers": "^1.0"
            },
            "type": "wordpress-plugin",
            "authors": {
                "name": "Team Yoast",
                "homepage": "https://yoa.st/2jc"
            },
            "description": "The first true all-in-one SEO solution for WordPress, including on-page content analysis, XML sitemaps and much more.",
            "homepage": "https://yoa.st/2jc"
        },
        {
            "name": "americaneagle/wp-migrate-db-pro",
            "version": "2.6.0",
            "dist": {
                "type": "zip",
                "url": "https://aepackagist.wpengine.com/satispress/wp-migrate-db-pro/2.6.0",
                "shasum": "01fc13b28838b380184af9ffa3d68d07cda1fbfb"
            },
            "require": {
                "composer/installers": "^1.0"
            },
            "type": "wordpress-plugin",
            "authors": {
                "name": "WP Engine",
                "homepage": "https://deliciousbrains.com"
            },
            "description": "Migrate between any two environments. Push, pull, and export full sites. Find and replace content including serialized data. Import and back up the database.",
            "homepage": "https://deliciousbrains.com/wp-migrate-db-pro/"
        },
        {
            "name": "composer/installers",
            "version": "v1.12.0",
            "source": {
                "type": "git",
                "url": "https://github.com/composer/installers.git",
                "reference": "d20a64ed3c94748397ff5973488761b22f6d3f19"
            },
            "dist": {
                "type": "zip",
                "url": "https://api.github.com/repos/composer/installers/zipball/d20a64ed3c94748397ff5973488761b22f6d3f19",
                "reference": "d20a64ed3c94748397ff5973488761b22f6d3f19",
                "shasum": ""
            },
            "require": {
                "composer-plugin-api": "^1.0 || ^2.0"
            },
            "replace": {
                "roundcube/plugin-installer": "*",
                "shama/baton": "*"
            },
            "require-dev": {
                "composer/composer": "1.6.* || ^2.0",
                "composer/semver": "^1 || ^3",
                "phpstan/phpstan": "^0.12.55",
                "phpstan/phpstan-phpunit": "^0.12.16",
                "symfony/phpunit-bridge": "^4.2 || ^5",
                "symfony/process": "^2.3"
            },
            "type": "composer-plugin",
            "extra": {
                "class": "Composer\\Installers\\Plugin",
                "branch-alias": {
                    "dev-main": "1.x-dev"
                }
            },
            "autoload": {
                "psr-4": {
                    "Composer\\Installers\\": "src/Composer/Installers"
                }
            },
            "notification-url": "https://packagist.org/downloads/",
            "license": [
                "MIT"
            ],
            "authors": [
                {
                    "name": "Kyle Robinson Young",
                    "email": "kyle@dontkry.com",
                    "homepage": "https://github.com/shama"
                }
            ],
            "description": "A multi-framework Composer library installer",
            "homepage": "https://composer.github.io/installers/",
            "keywords": [
                "Craft",
                "Dolibarr",
                "Eliasis",
                "Hurad",
                "ImageCMS",
                "Kanboard",
                "Lan Management System",
                "MODX Evo",
                "MantisBT",
                "Mautic",
                "Maya",
                "OXID",
                "Plentymarkets",
                "Porto",
                "RadPHP",
                "SMF",
                "Starbug",
                "Thelia",
                "Whmcs",
                "WolfCMS",
                "agl",
                "aimeos",
                "annotatecms",
                "attogram",
                "bitrix",
                "cakephp",
                "chef",
                "cockpit",
                "codeigniter",
                "concrete5",
                "croogo",
                "dokuwiki",
                "drupal",
                "eZ Platform",
                "elgg",
                "expressionengine",
                "fuelphp",
                "grav",
                "installer",
                "itop",
                "joomla",
                "known",
                "kohana",
                "laravel",
                "lavalite",
                "lithium",
                "magento",
                "majima",
                "mako",
                "mediawiki",
                "miaoxing",
                "modulework",
                "modx",
                "moodle",
                "osclass",
                "pantheon",
                "phpbb",
                "piwik",
                "ppi",
                "processwire",
                "puppet",
                "pxcms",
                "reindex",
                "roundcube",
                "shopware",
                "silverstripe",
                "sydes",
                "sylius",
                "symfony",
                "tastyigniter",
                "typo3",
                "wordpress",
                "yawik",
                "zend",
                "zikula"
            ],
            "support": {
                "issues": "https://github.com/composer/installers/issues",
                "source": "https://github.com/composer/installers/tree/v1.12.0"
            },
            "funding": [
                {
                    "url": "https://packagist.com",
                    "type": "custom"
                },
                {
                    "url": "https://github.com/composer",
                    "type": "github"
                },
                {
                    "url": "https://tidelift.com/funding/github/packagist/composer/composer",
                    "type": "tidelift"
                }
            ],
            "time": "2021-09-13T08:19:44+00:00"
        },
        {
            "name": "wpackagist-plugin/akismet",
            "version": "5.0.2",
            "source": {
                "type": "svn",
                "url": "https://plugins.svn.wordpress.org/akismet/",
                "reference": "tags/5.0.2"
            },
            "dist": {
                "type": "zip",
                "url": "https://downloads.wordpress.org/plugin/akismet.5.0.2.zip"
            },
            "require": {
                "composer/installers": "^1.0 || ^2.0"
            },
            "type": "wordpress-plugin",
            "homepage": "https://wordpress.org/plugins/akismet/"
        },
        {
            "name": "wpackagist-plugin/limit-login-attempts",
            "version": "1.7.1",
            "source": {
                "type": "svn",
                "url": "https://plugins.svn.wordpress.org/limit-login-attempts/",
                "reference": "tags/1.7.1"
            },
            "dist": {
                "type": "zip",
                "url": "https://downloads.wordpress.org/plugin/limit-login-attempts.1.7.1.zip"
            },
            "require": {
                "composer/installers": "^1.0 || ^2.0"
            },
            "type": "wordpress-plugin",
            "homepage": "https://wordpress.org/plugins/limit-login-attempts/"
        },
        {
            "name": "wpackagist-plugin/media-library-assistant",
            "version": "3.05",
            "source": {
                "type": "svn",
                "url": "https://plugins.svn.wordpress.org/media-library-assistant/",
                "reference": "tags/3.05"
            },
            "dist": {
                "type": "zip",
                "url": "https://downloads.wordpress.org/plugin/media-library-assistant.3.05.zip"
            },
            "require": {
                "composer/installers": "^1.0 || ^2.0"
            },
            "type": "wordpress-plugin",
            "homepage": "https://wordpress.org/plugins/media-library-assistant/"
        },
        {
            "name": "wpackagist-plugin/performance-lab",
            "version": "1.9.0",
            "source": {
                "type": "svn",
                "url": "https://plugins.svn.wordpress.org/performance-lab/",
                "reference": "tags/1.9.0"
            },
            "dist": {
                "type": "zip",
                "url": "https://downloads.wordpress.org/plugin/performance-lab.1.9.0.zip"
            },
            "require": {
                "composer/installers": "^1.0 || ^2.0"
            },
            "type": "wordpress-plugin",
            "homepage": "https://wordpress.org/plugins/performance-lab/"
        },
        {
            "name": "wpackagist-plugin/real-media-library-lite",
            "version": "4.18.29",
            "source": {
                "type": "svn",
                "url": "https://plugins.svn.wordpress.org/real-media-library-lite/",
                "reference": "tags/4.18.29"
            },
            "dist": {
                "type": "zip",
                "url": "https://downloads.wordpress.org/plugin/real-media-library-lite.4.18.29.zip"
            },
            "require": {
                "composer/installers": "^1.0 || ^2.0"
            },
            "type": "wordpress-plugin",
            "homepage": "https://wordpress.org/plugins/real-media-library-lite/"
        },
        {
            "name": "wpackagist-plugin/wordpress-seo",
            "version": "20.0",
            "source": {
                "type": "svn",
                "url": "https://plugins.svn.wordpress.org/wordpress-seo/",
                "reference": "tags/20.0"
            },
            "dist": {
                "type": "zip",
                "url": "https://downloads.wordpress.org/plugin/wordpress-seo.20.0.zip"
            },
            "require": {
                "composer/installers": "^1.0 || ^2.0"
            },
            "type": "wordpress-plugin",
            "homepage": "https://wordpress.org/plugins/wordpress-seo/"
        },
        {
            "name": "wpackagist-plugin/wp-super-cache",
            "version": "1.9.3",
            "source": {
                "type": "svn",
                "url": "https://plugins.svn.wordpress.org/wp-super-cache/",
                "reference": "tags/1.9.3"
            },
            "dist": {
                "type": "zip",
                "url": "https://downloads.wordpress.org/plugin/wp-super-cache.1.9.3.zip"
            },
            "require": {
                "composer/installers": "^1.0 || ^2.0"
            },
            "type": "wordpress-plugin",
            "homepage": "https://wordpress.org/plugins/wp-super-cache/"
        },
        {
            "name": "wpackagist-theme/seedlet",
            "version": "1.1.13",
            "source": {
                "type": "svn",
                "url": "https://themes.svn.wordpress.org/seedlet/",
                "reference": "1.1.13"
            },
            "dist": {
                "type": "zip",
                "url": "https://downloads.wordpress.org/theme/seedlet.1.1.13.zip"
            },
            "require": {
                "composer/installers": "^1.0 || ^2.0"
            },
            "type": "wordpress-theme",
            "homepage": "https://wordpress.org/themes/seedlet/"
        }
    ],
    "packages-dev": [
        {
            "name": "wpackagist-plugin/query-monitor",
            "version": "3.11.1",
            "source": {
                "type": "svn",
                "url": "https://plugins.svn.wordpress.org/query-monitor/",
                "reference": "tags/3.11.1"
            },
            "dist": {
                "type": "zip",
                "url": "https://downloads.wordpress.org/plugin/query-monitor.3.11.1.zip"
            },
            "require": {
                "composer/installers": "^1.0 || ^2.0"
            },
            "type": "wordpress-plugin",
            "homepage": "https://wordpress.org/plugins/query-monitor/"
        }
    ],
    "aliases": [],
    "minimum-stability": "stable",
    "stability-flags": [],
    "prefer-stable": false,
    "prefer-lowest": false,
    "platform": [],
    "platform-dev": [],
    "platform-overrides": {
        "php": "8.0"
    },
    "plugin-api-version": "2.3.0"
}
